{
  "name": "chrishayuk-monorepo",
  "lockfileVersion": 2,
  "requires": true,
  "packages": {
    "": {
      "workspaces": [
        "packages/*",
        "apps/*"
      ],
      "devDependencies": {
        "turbo": "latest"
      }
    },
    "node_modules/turbo": {
      "version": "1.0.28",
      "resolved": "https://registry.npmjs.org/turbo/-/turbo-1.0.28.tgz",
      "integrity": "sha512-5xmyVabNYqA0sCAU4VLdUS2A6GwIyy8FTszB/Fx4eNHwHudQwo00F2qORcDFwBHE4MqtnRoBFhL3ZJzo8c9A2w==",
      "dev": true,
      "hasInstallScript": true,
      "bin": {
        "turbo": "bin/turbo"
      },
      "optionalDependencies": {
        "turbo-darwin-64": "1.0.28",
        "turbo-darwin-arm64": "1.0.28",
        "turbo-freebsd-64": "1.0.28",
        "turbo-freebsd-arm64": "1.0.28",
        "turbo-linux-32": "1.0.28",
        "turbo-linux-64": "1.0.28",
        "turbo-linux-arm": "1.0.28",
        "turbo-linux-arm64": "1.0.28",
        "turbo-linux-mips64le": "1.0.28",
        "turbo-linux-ppc64le": "1.0.28",
        "turbo-windows-32": "1.0.28",
        "turbo-windows-64": "1.0.28"
      }
    },
    "node_modules/turbo-darwin-64": {
      "version": "1.0.28",
      "resolved": "https://registry.npmjs.org/turbo-darwin-64/-/turbo-darwin-64-1.0.28.tgz",
      "integrity": "sha512-uvARrncW6HNTFi7PFe4sq4JqSOKs1vPgWjJjOEyVhsCFwBgYkXxYsJSdDfO8OhvJa3wv+eYFAK5RaUCk80Z8eg==",
      "cpu": [
        "x64"
      ],
      "dev": true,
      "optional": true,
      "os": [
        "darwin"
      ]
    },
    "node_modules/turbo-darwin-arm64": {
      "version": "1.0.28",
      "resolved": "https://registry.npmjs.org/turbo-darwin-arm64/-/turbo-darwin-arm64-1.0.28.tgz",
      "integrity": "sha512-d/ANU+RIq4Fx/MphkqFThvwOpb+NYDuR+07aV5w8cwI7ljw7hPAe3EW3CSlkPJhvjs6P/oh+F86jhh1Q581mVA==",
      "cpu": [
        "arm64"
      ],
      "dev": true,
      "optional": true,
      "os": [
        "darwin"
      ]
    },
    "node_modules/turbo-freebsd-64": {
      "version": "1.0.28",
      "resolved": "https://registry.npmjs.org/turbo-freebsd-64/-/turbo-freebsd-64-1.0.28.tgz",
      "integrity": "sha512-JMJWftuWhJan+Momc39vbbwaLYEcMpYyBxIrumyIrIkQVaiSKs/6oEFzh1YA+KE16kAgzTPJPXFDkmsY3idAQg==",
      "cpu": [
        "x64"
      ],
      "dev": true,
      "optional": true,
      "os": [
        "freebsd"
      ]
    },
    "node_modules/turbo-freebsd-arm64": {
      "version": "1.0.28",
      "resolved": "https://registry.npmjs.org/turbo-freebsd-arm64/-/turbo-freebsd-arm64-1.0.28.tgz",
      "integrity": "sha512-fGJNE8qJUhosaIK5sGBheeve9y074FLWv8KfYuXMyV/6+dxpNV60HoAFvw8tL3q8TNp47pU6x8e8h+u1/rn1wQ==",
      "cpu": [
        "arm64"
      ],
      "dev": true,
      "optional": true,
      "os": [
        "freebsd"
      ]
    },
    "node_modules/turbo-linux-32": {
      "version": "1.0.28",
      "resolved": "https://registry.npmjs.org/turbo-linux-32/-/turbo-linux-32-1.0.28.tgz",
      "integrity": "sha512-fE0qIExxYuVFo5WlVWY0DJ1YZ/w+EC9RheT9nc1tU2EK83XPE1CZFW4lFIsWsXnIy9337zUeNDFVoVxOxCBSUQ==",
      "cpu": [
        "ia32"
      ],
      "dev": true,
      "optional": true,
      "os": [
        "linux"
      ]
    },
    "node_modules/turbo-linux-64": {
      "version": "1.0.28",
      "resolved": "https://registry.npmjs.org/turbo-linux-64/-/turbo-linux-64-1.0.28.tgz",
      "integrity": "sha512-e+f/O1MlcKCMhJf10q1x+1KSImHwuFUW2+A6DbLk+ekBUW5RELC2qF7hGypCzcpm8xIqtj5A0kP3blFy60AMxw==",
      "cpu": [
        "x64"
      ],
      "dev": true,
      "optional": true,
      "os": [
        "linux"
      ]
    },
    "node_modules/turbo-linux-arm": {
      "version": "1.0.28",
      "resolved": "https://registry.npmjs.org/turbo-linux-arm/-/turbo-linux-arm-1.0.28.tgz",
      "integrity": "sha512-PbB/RzN4W9M6sNZTvcjmc3PZ2S4CeFyQv/53tSs82pIlwM7NKVJzxVC0j3xCtoqoDDgXoJBhCpPV7MUEjCARQg==",
      "cpu": [
        "arm"
      ],
      "dev": true,
      "optional": true,
      "os": [
        "linux"
      ]
    },
    "node_modules/turbo-linux-arm64": {
      "version": "1.0.28",
      "resolved": "https://registry.npmjs.org/turbo-linux-arm64/-/turbo-linux-arm64-1.0.28.tgz",
      "integrity": "sha512-zN0nQClxp4nP4edinbdTd/9CpPjgNPsULc8LgunuJD+B9A0NRcRP5NCDo8/6ctTWs456sE3UhUF3t2b+uEgDzw==",
      "cpu": [
        "arm64"
      ],
      "dev": true,
      "optional": true,
      "os": [
        "linux"
      ]
    },
    "node_modules/turbo-linux-mips64le": {
      "version": "1.0.28",
      "resolved": "https://registry.npmjs.org/turbo-linux-mips64le/-/turbo-linux-mips64le-1.0.28.tgz",
      "integrity": "sha512-7LKmFS9M+AKW5slTHLz00Y4ovZh2CpjgMUkNNC6qtJB8YyWwXwoU0U7Yz28q3+rNVkcEiqWWx4l1Tj1AotTlaA==",
      "cpu": [
        "mips64el"
      ],
      "dev": true,
      "optional": true,
      "os": [
        "linux"
      ]
    },
    "node_modules/turbo-linux-ppc64le": {
      "version": "1.0.28",
      "resolved": "https://registry.npmjs.org/turbo-linux-ppc64le/-/turbo-linux-ppc64le-1.0.28.tgz",
      "integrity": "sha512-R382Op75XxcIiY1pWPnVnefxOeVbrVAeABIHLL1hKetbu9UPNzKAnQKqJYGzKIdTRKtPh5CQuErEFzs/Ky2ZgA==",
      "cpu": [
        "ppc64"
      ],
      "dev": true,
      "optional": true,
      "os": [
        "linux"
      ]
    },
    "node_modules/turbo-windows-32": {
      "version": "1.0.28",
      "resolved": "https://registry.npmjs.org/turbo-windows-32/-/turbo-windows-32-1.0.28.tgz",
      "integrity": "sha512-SjDgimlD5TMvkrFRtsJb4uVP7T44gwr0HqiIpAuWj1m5d8Pz/OisOoUkM/ISPKqVycIU5JF8wx0+CTnxC7YNhQ==",
      "cpu": [
        "ia32"
      ],
      "dev": true,
      "optional": true,
      "os": [
        "win32"
      ]
    },
    "node_modules/turbo-windows-64": {
      "version": "1.0.28",
      "resolved": "https://registry.npmjs.org/turbo-windows-64/-/turbo-windows-64-1.0.28.tgz",
      "integrity": "sha512-nT7bgcdl/9QNGBiwCYwTQ2VszcsqJ4NqT4YkE954KFZYxgSwMjjVTdoXcsnXMHpWiMiYfFF7HZLecUNnDm1uUA==",
      "cpu": [
        "x64"
      ],
      "dev": true,
      "optional": true,
      "os": [
        "win32"
      ]
    }
  },
  "dependencies": {
    "turbo": {
      "version": "1.0.28",
      "resolved": "https://registry.npmjs.org/turbo/-/turbo-1.0.28.tgz",
      "integrity": "sha512-5xmyVabNYqA0sCAU4VLdUS2A6GwIyy8FTszB/Fx4eNHwHudQwo00F2qORcDFwBHE4MqtnRoBFhL3ZJzo8c9A2w==",
      "dev": true,
      "requires": {
        "turbo-darwin-64": "1.0.28",
        "turbo-darwin-arm64": "1.0.28",
        "turbo-freebsd-64": "1.0.28",
        "turbo-freebsd-arm64": "1.0.28",
        "turbo-linux-32": "1.0.28",
        "turbo-linux-64": "1.0.28",
        "turbo-linux-arm": "1.0.28",
        "turbo-linux-arm64": "1.0.28",
        "turbo-linux-mips64le": "1.0.28",
        "turbo-linux-ppc64le": "1.0.28",
        "turbo-windows-32": "1.0.28",
        "turbo-windows-64": "1.0.28"
      }
    },
    "turbo-darwin-64": {
      "version": "1.0.28",
      "resolved": "https://registry.npmjs.org/turbo-darwin-64/-/turbo-darwin-64-1.0.28.tgz",
      "integrity": "sha512-uvARrncW6HNTFi7PFe4sq4JqSOKs1vPgWjJjOEyVhsCFwBgYkXxYsJSdDfO8OhvJa3wv+eYFAK5RaUCk80Z8eg==",
      "dev": true,
      "optional": true
    },
    "turbo-darwin-arm64": {
      "version": "1.0.28",
      "resolved": "https://registry.npmjs.org/turbo-darwin-arm64/-/turbo-darwin-arm64-1.0.28.tgz",
      "integrity": "sha512-d/ANU+RIq4Fx/MphkqFThvwOpb+NYDuR+07aV5w8cwI7ljw7hPAe3EW3CSlkPJhvjs6P/oh+F86jhh1Q581mVA==",
      "dev": true,
      "optional": true
    },
    "turbo-freebsd-64": {
      "version": "1.0.28",
      "resolved": "https://registry.npmjs.org/turbo-freebsd-64/-/turbo-freebsd-64-1.0.28.tgz",
      "integrity": "sha512-JMJWftuWhJan+Momc39vbbwaLYEcMpYyBxIrumyIrIkQVaiSKs/6oEFzh1YA+KE16kAgzTPJPXFDkmsY3idAQg==",
      "dev": true,
      "optional": true
    },
    "turbo-freebsd-arm64": {
      "version": "1.0.28",
      "resolved": "https://registry.npmjs.org/turbo-freebsd-arm64/-/turbo-freebsd-arm64-1.0.28.tgz",
      "integrity": "sha512-fGJNE8qJUhosaIK5sGBheeve9y074FLWv8KfYuXMyV/6+dxpNV60HoAFvw8tL3q8TNp47pU6x8e8h+u1/rn1wQ==",
      "dev": true,
      "optional": true
    },
    "turbo-linux-32": {
      "version": "1.0.28",
      "resolved": "https://registry.npmjs.org/turbo-linux-32/-/turbo-linux-32-1.0.28.tgz",
      "integrity": "sha512-fE0qIExxYuVFo5WlVWY0DJ1YZ/w+EC9RheT9nc1tU2EK83XPE1CZFW4lFIsWsXnIy9337zUeNDFVoVxOxCBSUQ==",
      "dev": true,
      "optional": true
    },
    "turbo-linux-64": {
      "version": "1.0.28",
      "resolved": "https://registry.npmjs.org/turbo-linux-64/-/turbo-linux-64-1.0.28.tgz",
      "integrity": "sha512-e+f/O1MlcKCMhJf10q1x+1KSImHwuFUW2+A6DbLk+ekBUW5RELC2qF7hGypCzcpm8xIqtj5A0kP3blFy60AMxw==",
      "dev": true,
      "optional": true
    },
    "turbo-linux-arm": {
      "version": "1.0.28",
      "resolved": "https://registry.npmjs.org/turbo-linux-arm/-/turbo-linux-arm-1.0.28.tgz",
      "integrity": "sha512-PbB/RzN4W9M6sNZTvcjmc3PZ2S4CeFyQv/53tSs82pIlwM7NKVJzxVC0j3xCtoqoDDgXoJBhCpPV7MUEjCARQg==",
      "dev": true,
      "optional": true
    },
    "turbo-linux-arm64": {
      "version": "1.0.28",
      "resolved": "https://registry.npmjs.org/turbo-linux-arm64/-/turbo-linux-arm64-1.0.28.tgz",
      "integrity": "sha512-zN0nQClxp4nP4edinbdTd/9CpPjgNPsULc8LgunuJD+B9A0NRcRP5NCDo8/6ctTWs456sE3UhUF3t2b+uEgDzw==",
      "dev": true,
      "optional": true
    },
    "turbo-linux-mips64le": {
      "version": "1.0.28",
      "resolved": "https://registry.npmjs.org/turbo-linux-mips64le/-/turbo-linux-mips64le-1.0.28.tgz",
      "integrity": "sha512-7LKmFS9M+AKW5slTHLz00Y4ovZh2CpjgMUkNNC6qtJB8YyWwXwoU0U7Yz28q3+rNVkcEiqWWx4l1Tj1AotTlaA==",
      "dev": true,
      "optional": true
    },
    "turbo-linux-ppc64le": {
      "version": "1.0.28",
      "resolved": "https://registry.npmjs.org/turbo-linux-ppc64le/-/turbo-linux-ppc64le-1.0.28.tgz",
      "integrity": "sha512-R382Op75XxcIiY1pWPnVnefxOeVbrVAeABIHLL1hKetbu9UPNzKAnQKqJYGzKIdTRKtPh5CQuErEFzs/Ky2ZgA==",
      "dev": true,
      "optional": true
    },
    "turbo-windows-32": {
      "version": "1.0.28",
      "resolved": "https://registry.npmjs.org/turbo-windows-32/-/turbo-windows-32-1.0.28.tgz",
      "integrity": "sha512-SjDgimlD5TMvkrFRtsJb4uVP7T44gwr0HqiIpAuWj1m5d8Pz/OisOoUkM/ISPKqVycIU5JF8wx0+CTnxC7YNhQ==",
      "dev": true,
      "optional": true
    },
    "turbo-windows-64": {
      "version": "1.0.28",
      "resolved": "https://registry.npmjs.org/turbo-windows-64/-/turbo-windows-64-1.0.28.tgz",
      "integrity": "sha512-nT7bgcdl/9QNGBiwCYwTQ2VszcsqJ4NqT4YkE954KFZYxgSwMjjVTdoXcsnXMHpWiMiYfFF7HZLecUNnDm1uUA==",
      "dev": true,
      "optional": true
    }
  }
}
